# This file is automatically @generated by Cargo.
# It is not intended for manual editing.
[[package]]
name = "parze"
version = "0.1.0"
dependencies = [
 "smallbox",
]

[[package]]
name = "smallbox"
version = "0.8.0"
source = "registry+https://github.com/rust-lang/crates.io-index"
checksum = "aa0eec6425219a55511a35afac416a2eecc62f5fa1bec14f9b97de0caa7daebe"
